
Microsoft Visual Studio Solution File, Format Version 12.00
# Visual Studio Version 16
VisualStudioVersion = 16.0.30503.244
MinimumVisualStudioVersion = 10.0.40219.1
Project("{9A19103F-16F7-4668-BE54-9A1E7A4F7556}") = "Customer_Query_Portal", "Customer_Query_Portal.csproj", "{77866115-6989-4B4F-A1CC-7024EF82BA0B}"
EndProject
Project("{9A19103F-16F7-4668-BE54-9A1E7A4F7556}") = "QueryPortalModel", "..\..\QueryPortalModel\QueryPortalModel.csproj", "{4225504A-A5DA-424E-BCF2-A48ABE614FFD}"
EndProject
Project("{9A19103F-16F7-4668-BE54-9A1E7A4F7556}") = "QueryPortalRepositories", "..\..\QueryPortalRepositories\QueryPortalRepositories.csproj", "{20B55DDB-97AB-46E8-9796-8FE767682EE9}"
EndProject
Project("{9A19103F-16F7-4668-BE54-9A1E7A4F7556}") = "QueryPortalServices", "..\..\QueryPortalServices\QueryPortalServices.csproj", "{66BBF6B5-6230-44A8-8CCC-010646503676}"
EndProject
Global
	GlobalSection(SolutionConfigurationPlatforms) = preSolution
		Debug|Any CPU = Debug|Any CPU
		Release|Any CPU = Release|Any CPU
	EndGlobalSection
	GlobalSection(ProjectConfigurationPlatforms) = postSolution
		{77866115-6989-4B4F-A1CC-7024EF82BA0B}.Debug|Any CPU.ActiveCfg = Debug|Any CPU
		{77866115-6989-4B4F-A1CC-7024EF82BA0B}.Debug|Any CPU.Build.0 = Debug|Any CPU
		{77866115-6989-4B4F-A1CC-7024EF82BA0B}.Release|Any CPU.ActiveCfg = Release|Any CPU
		{77866115-6989-4B4F-A1CC-7024EF82BA0B}.Release|Any CPU.Build.0 = Release|Any CPU
		{4225504A-A5DA-424E-BCF2-A48ABE614FFD}.Debug|Any CPU.ActiveCfg = Debug|Any CPU
		{4225504A-A5DA-424E-BCF2-A48ABE614FFD}.Debug|Any CPU.Build.0 = Debug|Any CPU
		{4225504A-A5DA-424E-BCF2-A48ABE614FFD}.Release|Any CPU.ActiveCfg = Release|Any CPU
		{4225504A-A5DA-424E-BCF2-A48ABE614FFD}.Release|Any CPU.Build.0 = Release|Any CPU
		{20B55DDB-97AB-46E8-9796-8FE767682EE9}.Debug|Any CPU.ActiveCfg = Debug|Any CPU
		{20B55DDB-97AB-46E8-9796-8FE767682EE9}.Debug|Any CPU.Build.0 = Debug|Any CPU
		{20B55DDB-97AB-46E8-9796-8FE767682EE9}.Release|Any CPU.ActiveCfg = Release|Any CPU
		{20B55DDB-97AB-46E8-9796-8FE767682EE9}.Release|Any CPU.Build.0 = Release|Any CPU
		{66BBF6B5-6230-44A8-8CCC-010646503676}.Debug|Any CPU.ActiveCfg = Debug|Any CPU
		{66BBF6B5-6230-44A8-8CCC-010646503676}.Debug|Any CPU.Build.0 = Debug|Any CPU
		{66BBF6B5-6230-44A8-8CCC-010646503676}.Release|Any CPU.ActiveCfg = Release|Any CPU
		{66BBF6B5-6230-44A8-8CCC-010646503676}.Release|Any CPU.Build.0 = Release|Any CPU
	EndGlobalSection
	GlobalSection(SolutionProperties) = preSolution
		HideSolutionNode = FALSE
	EndGlobalSection
	GlobalSection(ExtensibilityGlobals) = postSolution
		SolutionGuid = {7CBAF5D7-21AC-460A-B38F-436A9FF3E2DE}
	EndGlobalSection
EndGlobal
